{
  "name": "spikypanda-harness-workspace",
  "version": "0.1.0",
  "lockfileVersion": 3,
  "requires": true,
  "packages": {
    "": {
      "name": "spikypanda-harness-workspace",
      "version": "0.1.0",
      "workspaces": [
        "packages/*"
      ],
      "devDependencies": {
        "typescript": "^5.4.0"
      },
      "engines": {
        "node": ">=20.11.0 <23.0.0",
        "npm": ">=10.0.0"
      }
    },
    "node_modules/@spiky-panda/harness": {
      "resolved": "packages/harness",
      "link": true
    },
    "node_modules/@spiky-panda/harness-provider-mock": {
      "resolved": "packages/provider-mock",
      "link": true
    },
    "node_modules/@spiky-panda/plugin-harness": {
      "resolved": "packages/plugin-harness",
      "link": true
    },
    "node_modules/typescript": {
      "version": "5.9.3",
      "resolved": "https://registry.npmjs.org/typescript/-/typescript-5.9.3.tgz",
      "integrity": "sha512-jl1vZzPDinLr9eUt3J/t7V6FgNEw9QjvBPdysz9KfQDD41fQrC2Y4vKQdiaUpFT4bXlb1RHhLpp8wtm6M5TgSw==",
      "dev": true,
      "license": "Apache-2.0",
      "bin": {
        "tsc": "bin/tsc",
        "tsserver": "bin/tsserver"
      },
      "engines": {
        "node": ">=14.17"
      }
    },
    "packages/harness": {
      "name": "@spiky-panda/harness",
      "version": "0.1.0",
      "license": "MIT",
      "peerDependencies": {
        "@spiky-panda/core": "^1.0.0"
      }
    },
    "packages/plugin-harness": {
      "name": "@spiky-panda/plugin-harness",
      "version": "0.1.0",
      "license": "MIT",
      "peerDependencies": {
        "@spiky-panda/core": "^1.0.0",
        "@spiky-panda/harness": "^0.1.0",
        "@spikypanda/nodeeditor": "^0.1.0"
      },
      "peerDependenciesMeta": {
        "@spikypanda/nodeeditor": {
          "optional": true
        }
      }
    },
    "packages/provider-mock": {
      "name": "@spiky-panda/harness-provider-mock",
      "version": "0.1.0",
      "license": "MIT",
      "peerDependencies": {
        "@spiky-panda/harness": "^0.1.0"
      }
    }
  }
}
